
Microsoft Visual Studio Solution File, Format Version 12.00
# Visual Studio Version 17
VisualStudioVersion = 17.2.32616.157
MinimumVisualStudioVersion = 10.0.40219.1
Project("{FAE04EC0-301F-11D3-BF4B-00C04F79EFBC}") = "HomeWork3", "HomeWork3\HomeWork3.csproj", "{16A35211-3A18-4A02-9E88-87521E52C213}"
EndProject
Global
	GlobalSection(SolutionConfigurationPlatforms) = preSolution
		Debug|Any CPU = Debug|Any CPU
		Release|Any CPU = Release|Any CPU
	EndGlobalSection
	GlobalSection(ProjectConfigurationPlatforms) = postSolution
		{16A35211-3A18-4A02-9E88-87521E52C213}.Debug|Any CPU.ActiveCfg = Debug|Any CPU
		{16A35211-3A18-4A02-9E88-87521E52C213}.Debug|Any CPU.Build.0 = Debug|Any CPU
		{16A35211-3A18-4A02-9E88-87521E52C213}.Release|Any CPU.ActiveCfg = Release|Any CPU
		{16A35211-3A18-4A02-9E88-87521E52C213}.Release|Any CPU.Build.0 = Release|Any CPU
	EndGlobalSection
	GlobalSection(SolutionProperties) = preSolution
		HideSolutionNode = FALSE
	EndGlobalSection
	GlobalSection(ExtensibilityGlobals) = postSolution
		SolutionGuid = {ECDC30ED-33F0-4766-A55A-9F13616E3AB6}
	EndGlobalSection
EndGlobal
