
Microsoft Visual Studio Solution File, Format Version 12.00
# Visual Studio Version 17
VisualStudioVersion = 17.2.32616.157
MinimumVisualStudioVersion = 10.0.40219.1
Project("{FAE04EC0-301F-11D3-BF4B-00C04F79EFBC}") = "Homework6", "Homework6\Homework6.csproj", "{23DBEC48-0CBD-4E4D-9934-DCF46E589EE3}"
EndProject
Global
	GlobalSection(SolutionConfigurationPlatforms) = preSolution
		Debug|Any CPU = Debug|Any CPU
		Release|Any CPU = Release|Any CPU
	EndGlobalSection
	GlobalSection(ProjectConfigurationPlatforms) = postSolution
		{23DBEC48-0CBD-4E4D-9934-DCF46E589EE3}.Debug|Any CPU.ActiveCfg = Debug|Any CPU
		{23DBEC48-0CBD-4E4D-9934-DCF46E589EE3}.Debug|Any CPU.Build.0 = Debug|Any CPU
		{23DBEC48-0CBD-4E4D-9934-DCF46E589EE3}.Release|Any CPU.ActiveCfg = Release|Any CPU
		{23DBEC48-0CBD-4E4D-9934-DCF46E589EE3}.Release|Any CPU.Build.0 = Release|Any CPU
	EndGlobalSection
	GlobalSection(SolutionProperties) = preSolution
		HideSolutionNode = FALSE
	EndGlobalSection
	GlobalSection(ExtensibilityGlobals) = postSolution
		SolutionGuid = {57D27327-A3C8-4636-AFD7-CE58A0854352}
	EndGlobalSection
EndGlobal
